<?xml version="1.0" encoding="UTF-8"?>
<Project ToolsVersion="4.0" xmlns="http://schemas.microsoft.com/developer/msbuild/2003">
  <ItemGroup>
    <ClCompile Include="..\..\..\ALEGC\Apps\ZhiHuangApp\ZhiHuangApp.cpp">
      <Filter>Source Files</Filter>
    </ClCompile>
  </ItemGroup>
  <ItemGroup>
    <CustomBuild Include="..\..\..\ALEGC\Apps\ZhiHuangApp\CMakeLists.txt" />
  </ItemGroup>
  <ItemGroup>
    <Filter Include="Source Files">
      <UniqueIdentifier>{E2B2C827-E3CA-4DF2-8AC4-16C56831AE19}</UniqueIdentifier>
    </Filter>
  </ItemGroup>
</Project>
